
Microsoft Visual Studio Solution File, Format Version 12.00
# Visual Studio 14
VisualStudioVersion = 14.0.25123.0
MinimumVisualStudioVersion = 10.0.40219.1
Project("{FAE04EC0-301F-11D3-BF4B-00C04F79EFBC}") = "NotLiteCode", "NotLiteCode\NotLiteCode.csproj", "{64C0D9B5-8E18-4328-A455-C7018CBB02AF}"
EndProject
Project("{FAE04EC0-301F-11D3-BF4B-00C04F79EFBC}") = "NotLiteCode - Server", "NotLiteCode - Server\NotLiteCode - Server.csproj", "{4C4FB7AA-47C2-4717-9499-44EA91450A34}"
EndProject
Global
	GlobalSection(SolutionConfigurationPlatforms) = preSolution
		Debug|Any CPU = Debug|Any CPU
		Release|Any CPU = Release|Any CPU
	EndGlobalSection
	GlobalSection(ProjectConfigurationPlatforms) = postSolution
		{64C0D9B5-8E18-4328-A455-C7018CBB02AF}.Debug|Any CPU.ActiveCfg = Debug|Any CPU
		{64C0D9B5-8E18-4328-A455-C7018CBB02AF}.Debug|Any CPU.Build.0 = Debug|Any CPU
		{64C0D9B5-8E18-4328-A455-C7018CBB02AF}.Release|Any CPU.ActiveCfg = Release|Any CPU
		{64C0D9B5-8E18-4328-A455-C7018CBB02AF}.Release|Any CPU.Build.0 = Release|Any CPU
		{4C4FB7AA-47C2-4717-9499-44EA91450A34}.Debug|Any CPU.ActiveCfg = Debug|Any CPU
		{4C4FB7AA-47C2-4717-9499-44EA91450A34}.Debug|Any CPU.Build.0 = Debug|Any CPU
		{4C4FB7AA-47C2-4717-9499-44EA91450A34}.Release|Any CPU.ActiveCfg = Release|Any CPU
		{4C4FB7AA-47C2-4717-9499-44EA91450A34}.Release|Any CPU.Build.0 = Release|Any CPU
	EndGlobalSection
	GlobalSection(SolutionProperties) = preSolution
		HideSolutionNode = FALSE
	EndGlobalSection
EndGlobal
